
Microsoft Visual Studio Solution File, Format Version 12.00
# Visual Studio Version 17
VisualStudioVersion = 17.3.32819.101
MinimumVisualStudioVersion = 10.0.40219.1
Project("{888888A0-9F3D-457C-B088-3A5042F75D52}") = "Uppgift 1b Kap 5", "Uppgift 1b Kap 5\Uppgift 1b Kap 5.pyproj", "{A32136C9-BB75-4949-8E1A-C5A95D680F2E}"
EndProject
Global
	GlobalSection(SolutionConfigurationPlatforms) = preSolution
		Debug|Any CPU = Debug|Any CPU
		Release|Any CPU = Release|Any CPU
	EndGlobalSection
	GlobalSection(ProjectConfigurationPlatforms) = postSolution
		{A32136C9-BB75-4949-8E1A-C5A95D680F2E}.Debug|Any CPU.ActiveCfg = Debug|Any CPU
		{A32136C9-BB75-4949-8E1A-C5A95D680F2E}.Release|Any CPU.ActiveCfg = Release|Any CPU
	EndGlobalSection
	GlobalSection(SolutionProperties) = preSolution
		HideSolutionNode = FALSE
	EndGlobalSection
	GlobalSection(ExtensibilityGlobals) = postSolution
		SolutionGuid = {2D40AB76-32C7-4769-9C62-1E9C556D5C25}
	EndGlobalSection
EndGlobal
